
Microsoft Visual Studio Solution File, Format Version 12.00
# Visual Studio 15
VisualStudioVersion = 15.0.28307.168
MinimumVisualStudioVersion = 10.0.40219.1
Project("{FAE04EC0-301F-11D3-BF4B-00C04F79EFBC}") = "MathLabScheduler.Web", "MathLabScheduler.Web\MathLabScheduler.Web.csproj", "{BA1951EA-FFB3-43C1-A6CC-43DA09A1FC99}"
EndProject
Global
	GlobalSection(SolutionConfigurationPlatforms) = preSolution
		Debug|Any CPU = Debug|Any CPU
		Release|Any CPU = Release|Any CPU
	EndGlobalSection
	GlobalSection(ProjectConfigurationPlatforms) = postSolution
		{BA1951EA-FFB3-43C1-A6CC-43DA09A1FC99}.Debug|Any CPU.ActiveCfg = Debug|Any CPU
		{BA1951EA-FFB3-43C1-A6CC-43DA09A1FC99}.Debug|Any CPU.Build.0 = Debug|Any CPU
		{BA1951EA-FFB3-43C1-A6CC-43DA09A1FC99}.Release|Any CPU.ActiveCfg = Release|Any CPU
		{BA1951EA-FFB3-43C1-A6CC-43DA09A1FC99}.Release|Any CPU.Build.0 = Release|Any CPU
	EndGlobalSection
	GlobalSection(SolutionProperties) = preSolution
		HideSolutionNode = FALSE
	EndGlobalSection
	GlobalSection(ExtensibilityGlobals) = postSolution
		SolutionGuid = {B001B45C-DF99-407D-A731-CD2786A606F9}
	EndGlobalSection
EndGlobal
